
Microsoft Visual Studio Solution File, Format Version 11.00
# Visual Studio 2010
Project("{2150E333-8FDC-42A3-9474-1A3956D46DE8}") = "Builds", "Builds", "{6993937E-4408-497C-B936-A0EEB396C87F}"
EndProject
Project("{8BC9CEB8-8B4A-11D0-8D11-00A0C91BC942}") = "Alpha", "Alpha\Alpha.vcxproj", "{A1C082FB-F9B2-4073-9F49-A68B3B27BE15}"
EndProject
Project("{8BC9CEB8-8B4A-11D0-8D11-00A0C91BC942}") = "Emulation", "Emulation\Emulation.vcxproj", "{8E53E0AF-FD84-4F0A-B85D-7B518BC0802E}"
EndProject
Project("{8BC9CEB8-8B4A-11D0-8D11-00A0C91BC942}") = "Greenlight", "Greenlight\Greenlight.vcxproj", "{946A3DFF-7B7B-49F2-B6A7-EA785557A13F}"
EndProject
Project("{8BC9CEB8-8B4A-11D0-8D11-00A0C91BC942}") = "Phoenix", "Phoenix\Phoenix.vcxproj", "{A1652141-4F88-4C59-BC68-4F865A36C0CA}"
EndProject
Project("{8BC9CEB8-8B4A-11D0-8D11-00A0C91BC942}") = "RFAZIO", "RFAZIO\RFAZIO.vcxproj", "{35455AEB-D708-47EB-AD9F-88DA78322C34}"
EndProject
Project("{8BC9CEB8-8B4A-11D0-8D11-00A0C91BC942}") = "Origins Final", "Origins Final\Origins Final.vcxproj", "{BC54385E-8662-412F-B202-62A58785A9F4}"
EndProject
Global
	GlobalSection(SolutionConfigurationPlatforms) = preSolution
		Debug|Xbox 360 = Debug|Xbox 360
		Release|Xbox 360 = Release|Xbox 360
	EndGlobalSection
	GlobalSection(ProjectConfigurationPlatforms) = postSolution
		{A1C082FB-F9B2-4073-9F49-A68B3B27BE15}.Debug|Xbox 360.ActiveCfg = Debug|Xbox 360
		{A1C082FB-F9B2-4073-9F49-A68B3B27BE15}.Debug|Xbox 360.Build.0 = Debug|Xbox 360
		{A1C082FB-F9B2-4073-9F49-A68B3B27BE15}.Debug|Xbox 360.Deploy.0 = Debug|Xbox 360
		{A1C082FB-F9B2-4073-9F49-A68B3B27BE15}.Release|Xbox 360.ActiveCfg = Release|Xbox 360
		{A1C082FB-F9B2-4073-9F49-A68B3B27BE15}.Release|Xbox 360.Build.0 = Release|Xbox 360
		{A1C082FB-F9B2-4073-9F49-A68B3B27BE15}.Release|Xbox 360.Deploy.0 = Release|Xbox 360
		{8E53E0AF-FD84-4F0A-B85D-7B518BC0802E}.Debug|Xbox 360.ActiveCfg = Debug|Xbox 360
		{8E53E0AF-FD84-4F0A-B85D-7B518BC0802E}.Debug|Xbox 360.Build.0 = Debug|Xbox 360
		{8E53E0AF-FD84-4F0A-B85D-7B518BC0802E}.Debug|Xbox 360.Deploy.0 = Debug|Xbox 360
		{8E53E0AF-FD84-4F0A-B85D-7B518BC0802E}.Release|Xbox 360.ActiveCfg = Release|Xbox 360
		{8E53E0AF-FD84-4F0A-B85D-7B518BC0802E}.Release|Xbox 360.Build.0 = Release|Xbox 360
		{8E53E0AF-FD84-4F0A-B85D-7B518BC0802E}.Release|Xbox 360.Deploy.0 = Release|Xbox 360
		{946A3DFF-7B7B-49F2-B6A7-EA785557A13F}.Debug|Xbox 360.ActiveCfg = Debug|Xbox 360
		{946A3DFF-7B7B-49F2-B6A7-EA785557A13F}.Debug|Xbox 360.Build.0 = Debug|Xbox 360
		{946A3DFF-7B7B-49F2-B6A7-EA785557A13F}.Debug|Xbox 360.Deploy.0 = Debug|Xbox 360
		{946A3DFF-7B7B-49F2-B6A7-EA785557A13F}.Release|Xbox 360.ActiveCfg = Release|Xbox 360
		{946A3DFF-7B7B-49F2-B6A7-EA785557A13F}.Release|Xbox 360.Build.0 = Release|Xbox 360
		{946A3DFF-7B7B-49F2-B6A7-EA785557A13F}.Release|Xbox 360.Deploy.0 = Release|Xbox 360
		{A1652141-4F88-4C59-BC68-4F865A36C0CA}.Debug|Xbox 360.ActiveCfg = Debug|Xbox 360
		{A1652141-4F88-4C59-BC68-4F865A36C0CA}.Debug|Xbox 360.Build.0 = Debug|Xbox 360
		{A1652141-4F88-4C59-BC68-4F865A36C0CA}.Debug|Xbox 360.Deploy.0 = Debug|Xbox 360
		{A1652141-4F88-4C59-BC68-4F865A36C0CA}.Release|Xbox 360.ActiveCfg = Release|Xbox 360
		{A1652141-4F88-4C59-BC68-4F865A36C0CA}.Release|Xbox 360.Build.0 = Release|Xbox 360
		{A1652141-4F88-4C59-BC68-4F865A36C0CA}.Release|Xbox 360.Deploy.0 = Release|Xbox 360
		{35455AEB-D708-47EB-AD9F-88DA78322C34}.Debug|Xbox 360.ActiveCfg = Debug|Xbox 360
		{35455AEB-D708-47EB-AD9F-88DA78322C34}.Debug|Xbox 360.Build.0 = Debug|Xbox 360
		{35455AEB-D708-47EB-AD9F-88DA78322C34}.Debug|Xbox 360.Deploy.0 = Debug|Xbox 360
		{35455AEB-D708-47EB-AD9F-88DA78322C34}.Release|Xbox 360.ActiveCfg = Release|Xbox 360
		{35455AEB-D708-47EB-AD9F-88DA78322C34}.Release|Xbox 360.Build.0 = Release|Xbox 360
		{35455AEB-D708-47EB-AD9F-88DA78322C34}.Release|Xbox 360.Deploy.0 = Release|Xbox 360
		{BC54385E-8662-412F-B202-62A58785A9F4}.Debug|Xbox 360.ActiveCfg = Debug|Xbox 360
		{BC54385E-8662-412F-B202-62A58785A9F4}.Debug|Xbox 360.Build.0 = Debug|Xbox 360
		{BC54385E-8662-412F-B202-62A58785A9F4}.Debug|Xbox 360.Deploy.0 = Debug|Xbox 360
		{BC54385E-8662-412F-B202-62A58785A9F4}.Release|Xbox 360.ActiveCfg = Release|Xbox 360
		{BC54385E-8662-412F-B202-62A58785A9F4}.Release|Xbox 360.Build.0 = Release|Xbox 360
		{BC54385E-8662-412F-B202-62A58785A9F4}.Release|Xbox 360.Deploy.0 = Release|Xbox 360
	EndGlobalSection
	GlobalSection(SolutionProperties) = preSolution
		HideSolutionNode = FALSE
	EndGlobalSection
	GlobalSection(NestedProjects) = preSolution
		{A1C082FB-F9B2-4073-9F49-A68B3B27BE15} = {6993937E-4408-497C-B936-A0EEB396C87F}
		{8E53E0AF-FD84-4F0A-B85D-7B518BC0802E} = {6993937E-4408-497C-B936-A0EEB396C87F}
		{946A3DFF-7B7B-49F2-B6A7-EA785557A13F} = {6993937E-4408-497C-B936-A0EEB396C87F}
		{A1652141-4F88-4C59-BC68-4F865A36C0CA} = {6993937E-4408-497C-B936-A0EEB396C87F}
		{35455AEB-D708-47EB-AD9F-88DA78322C34} = {6993937E-4408-497C-B936-A0EEB396C87F}
		{BC54385E-8662-412F-B202-62A58785A9F4} = {6993937E-4408-497C-B936-A0EEB396C87F}
	EndGlobalSection
EndGlobal
