
Microsoft Visual Studio Solution File, Format Version 11.00
# Visual Studio 2010
Project("{2150E333-8FDC-42A3-9474-1A3956D46DE8}") = "Builds", "Builds", "{6993937E-4408-497C-B936-A0EEB396C87F}"
EndProject
Project("{8BC9CEB8-8B4A-11D0-8D11-00A0C91BC942}") = "Greenlight", "Builds\Greenlight\Greenlight.vcxproj", "{946A3DFF-7B7B-49F2-B6A7-EA785557A13F}"
EndProject
Project("{8BC9CEB8-8B4A-11D0-8D11-00A0C91BC942}") = "RFAZIO", "Builds\RFAZIO\RFAZIO.vcxproj", "{35455AEB-D708-47EB-AD9F-88DA78322C34}"
EndProject
Project("{8BC9CEB8-8B4A-11D0-8D11-00A0C91BC942}") = "Origins Final", "Builds\Origins Final\Origins Final.vcxproj", "{BC54385E-8662-412F-B202-62A58785A9F4}"
EndProject
Project("{2150E333-8FDC-42A3-9474-1A3956D46DE8}") = "CoDMP", "CoDMP", "{1AA445C7-7452-43C3-B552-9C71B6B6084D}"
EndProject
Project("{2150E333-8FDC-42A3-9474-1A3956D46DE8}") = "Alpha", "Alpha", "{0BD7CD80-52C2-4EC8-94E7-558436D1D349}"
EndProject
Project("{2150E333-8FDC-42A3-9474-1A3956D46DE8}") = "Greenlight", "Greenlight", "{F25AB49B-4C8B-4D00-A763-A26FDD0F06C1}"
EndProject
Project("{2150E333-8FDC-42A3-9474-1A3956D46DE8}") = "Emulation", "Emulation", "{3BAC6EB3-AEB2-4489-AEEC-BEC318EC8F26}"
EndProject
Project("{2150E333-8FDC-42A3-9474-1A3956D46DE8}") = "Mob of The Dead First Playable", "Mob of The Dead First Playable", "{618636DC-054B-4AA8-B479-9C81C753884F}"
EndProject
Project("{2150E333-8FDC-42A3-9474-1A3956D46DE8}") = "Origins Final", "Origins Final", "{FF8D8474-2BEA-4776-A632-C62FC5E7909C}"
EndProject
Project("{2150E333-8FDC-42A3-9474-1A3956D46DE8}") = "Origins First Playable", "Origins First Playable", "{BC5EE5BC-BEA3-4A39-B1B9-B32BD55CD64E}"
EndProject
Project("{2150E333-8FDC-42A3-9474-1A3956D46DE8}") = "CoDMP", "CoDMP", "{701B0416-0825-4D91-BF60-B3BB6B457A26}"
EndProject
Project("{2150E333-8FDC-42A3-9474-1A3956D46DE8}") = "CoDMP", "CoDMP", "{AF0D6F65-44D7-4388-A192-74A5A83DB85D}"
EndProject
Project("{2150E333-8FDC-42A3-9474-1A3956D46DE8}") = "default_mp", "default_mp", "{A4A95DAA-E2B2-42E0-9A11-0D6A6B50EBF3}"
EndProject
Project("{2150E333-8FDC-42A3-9474-1A3956D46DE8}") = "default_mp", "default_mp", "{B45CF65B-3498-4F1E-B23D-DD62764BCE80}"
EndProject
Project("{2150E333-8FDC-42A3-9474-1A3956D46DE8}") = "CoDMP", "CoDMP", "{7D65FF53-D757-4F68-A5DD-D58B3310C9FD}"
EndProject
Project("{2150E333-8FDC-42A3-9474-1A3956D46DE8}") = "Phoenix", "Phoenix", "{4A692F5A-AF15-4308-843C-FCD02A9414AC}"
EndProject
Project("{2150E333-8FDC-42A3-9474-1A3956D46DE8}") = "Press", "Press", "{E4A47D40-6938-4CCB-A47E-BF0D4372E5C9}"
EndProject
Project("{2150E333-8FDC-42A3-9474-1A3956D46DE8}") = "RFAZIO", "RFAZIO", "{260C0766-5242-4DF4-8B86-D26A0B7D1CEA}"
EndProject
Project("{2150E333-8FDC-42A3-9474-1A3956D46DE8}") = "CoDMP", "CoDMP", "{2C7C7B06-5E99-4BBE-B1CF-B074479E560E}"
EndProject
Project("{2150E333-8FDC-42A3-9474-1A3956D46DE8}") = "default", "default", "{9DA23440-6998-481A-A184-91FD5BAD1A27}"
EndProject
Project("{2150E333-8FDC-42A3-9474-1A3956D46DE8}") = "CoDMP", "CoDMP", "{E87F9C2B-A3DD-44F0-A97D-A7C293B65594}"
EndProject
Project("{2150E333-8FDC-42A3-9474-1A3956D46DE8}") = "default_mp", "default_mp", "{63DEB354-087B-483A-B733-727EE32AACAD}"
EndProject
Project("{8BC9CEB8-8B4A-11D0-8D11-00A0C91BC942}") = "Alpha", "Builds\Alpha\CoDMP\CoDMP.vcxproj", "{A1C082FB-F9B2-4073-9F49-A68B3B27BE15}"
EndProject
Project("{8BC9CEB8-8B4A-11D0-8D11-00A0C91BC942}") = "Alpha", "Builds\Alpha\default_mp\default_mp.vcxproj", "{BCCA6DF6-C359-49BB-B2C2-17B4D009DFCE}"
EndProject
Project("{8BC9CEB8-8B4A-11D0-8D11-00A0C91BC942}") = "Press", "Builds\Press\CoDMP\Press.vcxproj", "{460CF8C5-D794-459A-9DB6-2DEEB38CDFED}"
EndProject
Project("{2150E333-8FDC-42A3-9474-1A3956D46DE8}") = "default_mp", "default_mp", "{81981B12-C1ED-4417-AE2F-2BBCAAAC7C18}"
EndProject
Project("{8BC9CEB8-8B4A-11D0-8D11-00A0C91BC942}") = "Press", "Builds\Press\default_mp\Press.vcxproj", "{150A07DE-35C7-4554-B13D-CB7A8875178D}"
EndProject
Project("{8BC9CEB8-8B4A-11D0-8D11-00A0C91BC942}") = "Phoenix", "Builds\Phoenix\default\Phoenix.vcxproj", "{A1652141-4F88-4C59-BC68-4F865A36C0CA}"
EndProject
Project("{8BC9CEB8-8B4A-11D0-8D11-00A0C91BC942}") = "Mob of The Dead First Playable", "Builds\Mob of The Dead First Playable\default_mp\Mob of The Dead First Playable.vcxproj", "{4A41972E-283B-435F-A283-05477A8577FA}"
EndProject
Project("{8BC9CEB8-8B4A-11D0-8D11-00A0C91BC942}") = "Origins First Playable", "Builds\Origins First Playable\default_mp\Origins First Playable.vcxproj", "{583118E6-C325-4CFC-8CD8-00F67C986934}"
EndProject
Project("{8BC9CEB8-8B4A-11D0-8D11-00A0C91BC942}") = "Emulation", "Builds\Emulation\CoDMP\Emulation.vcxproj", "{8E53E0AF-FD84-4F0A-B85D-7B518BC0802E}"
EndProject
Project("{2150E333-8FDC-42A3-9474-1A3956D46DE8}") = "default_mp", "default_mp", "{3D1C45F0-1F10-4B0F-A969-173386DEB5D7}"
EndProject
Project("{8BC9CEB8-8B4A-11D0-8D11-00A0C91BC942}") = "Emulation", "Builds\Emulation\default_mp\Emulation.vcxproj", "{68B685AA-9163-4107-B838-2BEF8BFE749E}"
EndProject
Project("{2150E333-8FDC-42A3-9474-1A3956D46DE8}") = "default_mp", "default_mp", "{44162A6A-DBFE-48BC-B309-FB3B9F7ADA21}"
EndProject
Project("{8BC9CEB8-8B4A-11D0-8D11-00A0C91BC942}") = "Origins Final", "Builds\Origins Final\default_mp\Origins Final.vcxproj", "{07FD4657-D13C-4E25-A7B6-E83A3AE10373}"
EndProject
Global
	GlobalSection(SolutionConfigurationPlatforms) = preSolution
		Debug|Xbox 360 = Debug|Xbox 360
		Release|Xbox 360 = Release|Xbox 360
	EndGlobalSection
	GlobalSection(ProjectConfigurationPlatforms) = postSolution
		{946A3DFF-7B7B-49F2-B6A7-EA785557A13F}.Debug|Xbox 360.ActiveCfg = Debug|Xbox 360
		{946A3DFF-7B7B-49F2-B6A7-EA785557A13F}.Debug|Xbox 360.Build.0 = Debug|Xbox 360
		{946A3DFF-7B7B-49F2-B6A7-EA785557A13F}.Debug|Xbox 360.Deploy.0 = Debug|Xbox 360
		{946A3DFF-7B7B-49F2-B6A7-EA785557A13F}.Release|Xbox 360.ActiveCfg = Release|Xbox 360
		{946A3DFF-7B7B-49F2-B6A7-EA785557A13F}.Release|Xbox 360.Build.0 = Release|Xbox 360
		{946A3DFF-7B7B-49F2-B6A7-EA785557A13F}.Release|Xbox 360.Deploy.0 = Release|Xbox 360
		{35455AEB-D708-47EB-AD9F-88DA78322C34}.Debug|Xbox 360.ActiveCfg = Debug|Xbox 360
		{35455AEB-D708-47EB-AD9F-88DA78322C34}.Debug|Xbox 360.Build.0 = Debug|Xbox 360
		{35455AEB-D708-47EB-AD9F-88DA78322C34}.Debug|Xbox 360.Deploy.0 = Debug|Xbox 360
		{35455AEB-D708-47EB-AD9F-88DA78322C34}.Release|Xbox 360.ActiveCfg = Release|Xbox 360
		{35455AEB-D708-47EB-AD9F-88DA78322C34}.Release|Xbox 360.Build.0 = Release|Xbox 360
		{35455AEB-D708-47EB-AD9F-88DA78322C34}.Release|Xbox 360.Deploy.0 = Release|Xbox 360
		{BC54385E-8662-412F-B202-62A58785A9F4}.Debug|Xbox 360.ActiveCfg = Debug|Xbox 360
		{BC54385E-8662-412F-B202-62A58785A9F4}.Debug|Xbox 360.Build.0 = Debug|Xbox 360
		{BC54385E-8662-412F-B202-62A58785A9F4}.Debug|Xbox 360.Deploy.0 = Debug|Xbox 360
		{BC54385E-8662-412F-B202-62A58785A9F4}.Release|Xbox 360.ActiveCfg = Release|Xbox 360
		{BC54385E-8662-412F-B202-62A58785A9F4}.Release|Xbox 360.Build.0 = Release|Xbox 360
		{BC54385E-8662-412F-B202-62A58785A9F4}.Release|Xbox 360.Deploy.0 = Release|Xbox 360
		{A1C082FB-F9B2-4073-9F49-A68B3B27BE15}.Debug|Xbox 360.ActiveCfg = Debug|Xbox 360
		{A1C082FB-F9B2-4073-9F49-A68B3B27BE15}.Debug|Xbox 360.Build.0 = Debug|Xbox 360
		{A1C082FB-F9B2-4073-9F49-A68B3B27BE15}.Debug|Xbox 360.Deploy.0 = Debug|Xbox 360
		{A1C082FB-F9B2-4073-9F49-A68B3B27BE15}.Release|Xbox 360.ActiveCfg = Release|Xbox 360
		{A1C082FB-F9B2-4073-9F49-A68B3B27BE15}.Release|Xbox 360.Build.0 = Release|Xbox 360
		{A1C082FB-F9B2-4073-9F49-A68B3B27BE15}.Release|Xbox 360.Deploy.0 = Release|Xbox 360
		{BCCA6DF6-C359-49BB-B2C2-17B4D009DFCE}.Debug|Xbox 360.ActiveCfg = Debug|Xbox 360
		{BCCA6DF6-C359-49BB-B2C2-17B4D009DFCE}.Debug|Xbox 360.Build.0 = Debug|Xbox 360
		{BCCA6DF6-C359-49BB-B2C2-17B4D009DFCE}.Debug|Xbox 360.Deploy.0 = Debug|Xbox 360
		{BCCA6DF6-C359-49BB-B2C2-17B4D009DFCE}.Release|Xbox 360.ActiveCfg = Release|Xbox 360
		{BCCA6DF6-C359-49BB-B2C2-17B4D009DFCE}.Release|Xbox 360.Build.0 = Release|Xbox 360
		{BCCA6DF6-C359-49BB-B2C2-17B4D009DFCE}.Release|Xbox 360.Deploy.0 = Release|Xbox 360
		{460CF8C5-D794-459A-9DB6-2DEEB38CDFED}.Debug|Xbox 360.ActiveCfg = Debug|Xbox 360
		{460CF8C5-D794-459A-9DB6-2DEEB38CDFED}.Debug|Xbox 360.Build.0 = Debug|Xbox 360
		{460CF8C5-D794-459A-9DB6-2DEEB38CDFED}.Debug|Xbox 360.Deploy.0 = Debug|Xbox 360
		{460CF8C5-D794-459A-9DB6-2DEEB38CDFED}.Release|Xbox 360.ActiveCfg = Release|Xbox 360
		{460CF8C5-D794-459A-9DB6-2DEEB38CDFED}.Release|Xbox 360.Build.0 = Release|Xbox 360
		{460CF8C5-D794-459A-9DB6-2DEEB38CDFED}.Release|Xbox 360.Deploy.0 = Release|Xbox 360
		{150A07DE-35C7-4554-B13D-CB7A8875178D}.Debug|Xbox 360.ActiveCfg = Debug|Xbox 360
		{150A07DE-35C7-4554-B13D-CB7A8875178D}.Debug|Xbox 360.Build.0 = Debug|Xbox 360
		{150A07DE-35C7-4554-B13D-CB7A8875178D}.Debug|Xbox 360.Deploy.0 = Debug|Xbox 360
		{150A07DE-35C7-4554-B13D-CB7A8875178D}.Release|Xbox 360.ActiveCfg = Release|Xbox 360
		{150A07DE-35C7-4554-B13D-CB7A8875178D}.Release|Xbox 360.Build.0 = Release|Xbox 360
		{150A07DE-35C7-4554-B13D-CB7A8875178D}.Release|Xbox 360.Deploy.0 = Release|Xbox 360
		{A1652141-4F88-4C59-BC68-4F865A36C0CA}.Debug|Xbox 360.ActiveCfg = Debug|Xbox 360
		{A1652141-4F88-4C59-BC68-4F865A36C0CA}.Debug|Xbox 360.Build.0 = Debug|Xbox 360
		{A1652141-4F88-4C59-BC68-4F865A36C0CA}.Debug|Xbox 360.Deploy.0 = Debug|Xbox 360
		{A1652141-4F88-4C59-BC68-4F865A36C0CA}.Release|Xbox 360.ActiveCfg = Release|Xbox 360
		{A1652141-4F88-4C59-BC68-4F865A36C0CA}.Release|Xbox 360.Build.0 = Release|Xbox 360
		{A1652141-4F88-4C59-BC68-4F865A36C0CA}.Release|Xbox 360.Deploy.0 = Release|Xbox 360
		{4A41972E-283B-435F-A283-05477A8577FA}.Debug|Xbox 360.ActiveCfg = Debug|Xbox 360
		{4A41972E-283B-435F-A283-05477A8577FA}.Debug|Xbox 360.Build.0 = Debug|Xbox 360
		{4A41972E-283B-435F-A283-05477A8577FA}.Debug|Xbox 360.Deploy.0 = Debug|Xbox 360
		{4A41972E-283B-435F-A283-05477A8577FA}.Release|Xbox 360.ActiveCfg = Release|Xbox 360
		{4A41972E-283B-435F-A283-05477A8577FA}.Release|Xbox 360.Build.0 = Release|Xbox 360
		{4A41972E-283B-435F-A283-05477A8577FA}.Release|Xbox 360.Deploy.0 = Release|Xbox 360
		{583118E6-C325-4CFC-8CD8-00F67C986934}.Debug|Xbox 360.ActiveCfg = Debug|Xbox 360
		{583118E6-C325-4CFC-8CD8-00F67C986934}.Debug|Xbox 360.Build.0 = Debug|Xbox 360
		{583118E6-C325-4CFC-8CD8-00F67C986934}.Debug|Xbox 360.Deploy.0 = Debug|Xbox 360
		{583118E6-C325-4CFC-8CD8-00F67C986934}.Release|Xbox 360.ActiveCfg = Release|Xbox 360
		{583118E6-C325-4CFC-8CD8-00F67C986934}.Release|Xbox 360.Build.0 = Release|Xbox 360
		{583118E6-C325-4CFC-8CD8-00F67C986934}.Release|Xbox 360.Deploy.0 = Release|Xbox 360
		{8E53E0AF-FD84-4F0A-B85D-7B518BC0802E}.Debug|Xbox 360.ActiveCfg = Debug|Xbox 360
		{8E53E0AF-FD84-4F0A-B85D-7B518BC0802E}.Debug|Xbox 360.Build.0 = Debug|Xbox 360
		{8E53E0AF-FD84-4F0A-B85D-7B518BC0802E}.Debug|Xbox 360.Deploy.0 = Debug|Xbox 360
		{8E53E0AF-FD84-4F0A-B85D-7B518BC0802E}.Release|Xbox 360.ActiveCfg = Release|Xbox 360
		{8E53E0AF-FD84-4F0A-B85D-7B518BC0802E}.Release|Xbox 360.Build.0 = Release|Xbox 360
		{8E53E0AF-FD84-4F0A-B85D-7B518BC0802E}.Release|Xbox 360.Deploy.0 = Release|Xbox 360
		{68B685AA-9163-4107-B838-2BEF8BFE749E}.Debug|Xbox 360.ActiveCfg = Debug|Xbox 360
		{68B685AA-9163-4107-B838-2BEF8BFE749E}.Debug|Xbox 360.Build.0 = Debug|Xbox 360
		{68B685AA-9163-4107-B838-2BEF8BFE749E}.Debug|Xbox 360.Deploy.0 = Debug|Xbox 360
		{68B685AA-9163-4107-B838-2BEF8BFE749E}.Release|Xbox 360.ActiveCfg = Release|Xbox 360
		{68B685AA-9163-4107-B838-2BEF8BFE749E}.Release|Xbox 360.Build.0 = Release|Xbox 360
		{68B685AA-9163-4107-B838-2BEF8BFE749E}.Release|Xbox 360.Deploy.0 = Release|Xbox 360
		{07FD4657-D13C-4E25-A7B6-E83A3AE10373}.Debug|Xbox 360.ActiveCfg = Debug|Xbox 360
		{07FD4657-D13C-4E25-A7B6-E83A3AE10373}.Debug|Xbox 360.Build.0 = Debug|Xbox 360
		{07FD4657-D13C-4E25-A7B6-E83A3AE10373}.Debug|Xbox 360.Deploy.0 = Debug|Xbox 360
		{07FD4657-D13C-4E25-A7B6-E83A3AE10373}.Release|Xbox 360.ActiveCfg = Release|Xbox 360
		{07FD4657-D13C-4E25-A7B6-E83A3AE10373}.Release|Xbox 360.Build.0 = Release|Xbox 360
		{07FD4657-D13C-4E25-A7B6-E83A3AE10373}.Release|Xbox 360.Deploy.0 = Release|Xbox 360
	EndGlobalSection
	GlobalSection(SolutionProperties) = preSolution
		HideSolutionNode = FALSE
	EndGlobalSection
	GlobalSection(NestedProjects) = preSolution
		{0BD7CD80-52C2-4EC8-94E7-558436D1D349} = {6993937E-4408-497C-B936-A0EEB396C87F}
		{F25AB49B-4C8B-4D00-A763-A26FDD0F06C1} = {6993937E-4408-497C-B936-A0EEB396C87F}
		{3BAC6EB3-AEB2-4489-AEEC-BEC318EC8F26} = {6993937E-4408-497C-B936-A0EEB396C87F}
		{618636DC-054B-4AA8-B479-9C81C753884F} = {6993937E-4408-497C-B936-A0EEB396C87F}
		{FF8D8474-2BEA-4776-A632-C62FC5E7909C} = {6993937E-4408-497C-B936-A0EEB396C87F}
		{BC5EE5BC-BEA3-4A39-B1B9-B32BD55CD64E} = {6993937E-4408-497C-B936-A0EEB396C87F}
		{4A692F5A-AF15-4308-843C-FCD02A9414AC} = {6993937E-4408-497C-B936-A0EEB396C87F}
		{E4A47D40-6938-4CCB-A47E-BF0D4372E5C9} = {6993937E-4408-497C-B936-A0EEB396C87F}
		{260C0766-5242-4DF4-8B86-D26A0B7D1CEA} = {6993937E-4408-497C-B936-A0EEB396C87F}
		{A1C082FB-F9B2-4073-9F49-A68B3B27BE15} = {1AA445C7-7452-43C3-B552-9C71B6B6084D}
		{1AA445C7-7452-43C3-B552-9C71B6B6084D} = {0BD7CD80-52C2-4EC8-94E7-558436D1D349}
		{63DEB354-087B-483A-B733-727EE32AACAD} = {0BD7CD80-52C2-4EC8-94E7-558436D1D349}
		{AF0D6F65-44D7-4388-A192-74A5A83DB85D} = {F25AB49B-4C8B-4D00-A763-A26FDD0F06C1}
		{701B0416-0825-4D91-BF60-B3BB6B457A26} = {3BAC6EB3-AEB2-4489-AEEC-BEC318EC8F26}
		{3D1C45F0-1F10-4B0F-A969-173386DEB5D7} = {3BAC6EB3-AEB2-4489-AEEC-BEC318EC8F26}
		{A4A95DAA-E2B2-42E0-9A11-0D6A6B50EBF3} = {618636DC-054B-4AA8-B479-9C81C753884F}
		{7D65FF53-D757-4F68-A5DD-D58B3310C9FD} = {FF8D8474-2BEA-4776-A632-C62FC5E7909C}
		{44162A6A-DBFE-48BC-B309-FB3B9F7ADA21} = {FF8D8474-2BEA-4776-A632-C62FC5E7909C}
		{B45CF65B-3498-4F1E-B23D-DD62764BCE80} = {BC5EE5BC-BEA3-4A39-B1B9-B32BD55CD64E}
		{8E53E0AF-FD84-4F0A-B85D-7B518BC0802E} = {701B0416-0825-4D91-BF60-B3BB6B457A26}
		{946A3DFF-7B7B-49F2-B6A7-EA785557A13F} = {AF0D6F65-44D7-4388-A192-74A5A83DB85D}
		{4A41972E-283B-435F-A283-05477A8577FA} = {A4A95DAA-E2B2-42E0-9A11-0D6A6B50EBF3}
		{583118E6-C325-4CFC-8CD8-00F67C986934} = {B45CF65B-3498-4F1E-B23D-DD62764BCE80}
		{BC54385E-8662-412F-B202-62A58785A9F4} = {7D65FF53-D757-4F68-A5DD-D58B3310C9FD}
		{9DA23440-6998-481A-A184-91FD5BAD1A27} = {4A692F5A-AF15-4308-843C-FCD02A9414AC}
		{E87F9C2B-A3DD-44F0-A97D-A7C293B65594} = {E4A47D40-6938-4CCB-A47E-BF0D4372E5C9}
		{81981B12-C1ED-4417-AE2F-2BBCAAAC7C18} = {E4A47D40-6938-4CCB-A47E-BF0D4372E5C9}
		{2C7C7B06-5E99-4BBE-B1CF-B074479E560E} = {260C0766-5242-4DF4-8B86-D26A0B7D1CEA}
		{35455AEB-D708-47EB-AD9F-88DA78322C34} = {2C7C7B06-5E99-4BBE-B1CF-B074479E560E}
		{A1652141-4F88-4C59-BC68-4F865A36C0CA} = {9DA23440-6998-481A-A184-91FD5BAD1A27}
		{460CF8C5-D794-459A-9DB6-2DEEB38CDFED} = {E87F9C2B-A3DD-44F0-A97D-A7C293B65594}
		{BCCA6DF6-C359-49BB-B2C2-17B4D009DFCE} = {63DEB354-087B-483A-B733-727EE32AACAD}
		{150A07DE-35C7-4554-B13D-CB7A8875178D} = {81981B12-C1ED-4417-AE2F-2BBCAAAC7C18}
		{68B685AA-9163-4107-B838-2BEF8BFE749E} = {3D1C45F0-1F10-4B0F-A969-173386DEB5D7}
		{07FD4657-D13C-4E25-A7B6-E83A3AE10373} = {44162A6A-DBFE-48BC-B309-FB3B9F7ADA21}
	EndGlobalSection
EndGlobal
